// !$*UTF8*$!
{
	archiveVersion = 1;
	classes = {
	};
	objectVersion = 46;
	objects = {

/* Begin PBXBuildFile section */
		4D2F4A481F6D03A100EA6223 /* Assets.xcassets in Resources */ = {isa = PBXBuildFile; fileRef = 4D2F4A471F6D03A100EA6223 /* Assets.xcassets */; };
		4DF024FE1F658A760065618C /* AppDelegate.swift in Sources */ = {isa = PBXBuildFile; fileRef = 4DF024FD1F658A760065618C /* AppDelegate.swift */; };
		4DF025001F658A760065618C /* ViewController.swift in Sources */ = {isa = PBXBuildFile; fileRef = 4DF024FF1F658A760065618C /* ViewController.swift */; };
		4DF025031F658A760065618C /* Main.storyboard in Resources */ = {isa = PBXBuildFile; fileRef = 4DF025011F658A760065618C /* Main.storyboard */; };
		4DF025081F658A760065618C /* LaunchScreen.storyboard in Resources */ = {isa = PBXBuildFile; fileRef = 4DF025061F658A760065618C /* LaunchScreen.storyboard */; };
/* End PBXBuildFile section */

/* Begin PBXFileReference section */
		4D2F4A471F6D03A100EA6223 /* Assets.xcassets */ = {isa = PBXFileReference; lastKnownFileType = folder.assetcatalog; path = Assets.xcassets; sourceTree = "<group>"; };
		4DF024FA1F658A760065618C /* HealthTracker.app */ = {isa = PBXFileReference; explicitFileType = wrapper.application; includeInIndex = 0; path = HealthTracker.app; sourceTree = BUILT_PRODUCTS_DIR; };
		4DF024FD1F658A760065618C /* AppDelegate.swift */ = {isa = PBXFileReference; lastKnownFileType = sourcecode.swift; path = AppDelegate.swift; sourceTree = "<group>"; };
		4DF024FF1F658A760065618C /* ViewController.swift */ = {isa = PBXFileReference; lastKnownFileType = sourcecode.swift; path = ViewController.swift; sourceTree = "<group>"; };
		4DF025021F658A760065618C /* Base */ = {isa = PBXFileReference; lastKnownFileType = file.storyboard; name = Base; path = Base.lproj/Main.storyboard; sourceTree = "<group>"; };
		4DF025071F658A760065618C /* Base */ = {isa = PBXFileReference; lastKnownFileType = file.storyboard; name = Base; path = Base.lproj/LaunchScreen.storyboard; sourceTree = "<group>"; };
		4DF025091F658A760065618C /* Info.plist */ = {isa = PBXFileReference; lastKnownFileType = text.plist.xml; path = Info.plist; sourceTree = "<group>"; };
/* End PBXFileReference section */

/* Begin PBXFrameworksBuildPhase section */
		4DF024F71F658A760065618C /* Frameworks */ = {
			isa = PBXFrameworksBuildPhase;
			buildActionMask = 2147483647;
			files = (
			);
			runOnlyForDeploymentPostprocessing = 0;
		};
/* End PBXFrameworksBuildPhase section */

/* Begin PBXGroup section */
		4DF024F11F658A760065618C = {
			isa = PBXGroup;
			children = (
				4DF024FC1F658A760065618C /* HealthTracker */,
				4DF024FB1F658A760065618C /* Products */,
			);
			sourceTree = "<group>";
		};
		4DF024FB1F658A760065618C /* Products */ = {
			isa = PBXGroup;
			children = (
				4DF024FA1F658A760065618C /* HealthTracker.app */,
			);
			name = Products;
			sourceTree = "<group>";
		};
		4DF024FC1F658A760065618C /* HealthTracker */ = {
			isa = PBXGroup;
			children = (
				4DF024FF1F658A760065618C /* ViewController.swift */,
				4D2F4A471F6D03A100EA6223 /* Assets.xcassets */,
				4DF025011F658A760065618C /* Main.storyboard */,
				4DF0250F1F658A890065618C /* Supporting Files */,
			);
			path = HealthTracker;
			sourceTree = "<group>";
		};
		4DF0250F1F658A890065618C /* Supporting Files */ = {
			isa = PBXGroup;
			children = (
				4DF024FD1F658A760065618C /* AppDelegate.swift */,
				4DF025061F658A760065618C /* LaunchScreen.storyboard */,
				4DF025091F658A760065618C /* Info.plist */,
			);
			name = "Supporting Files";
			sourceTree = "<group>";
		};
/* End PBXGroup section */

/* Begin PBXNativeTarget section */
		4DF024F91F658A760065618C /* HealthTracker */ = {
			isa = PBXNativeTarget;
			buildConfigurationList = 4DF0250C1F658A760065618C /* Build configuration list for PBXNativeTarget "HealthTracker" */;
			buildPhases = (
				4DF024F61F658A760065618C /* Sources */,
				4DF024F71F658A760065618C /* Frameworks */,
				4DF024F81F658A760065618C /* Resources */,
			);
			buildRules = (
			);
			dependencies = (
			);
			name = HealthTracker;
			productName = HealthTracker;
			productReference = 4DF024FA1F658A760065618C /* HealthTracker.app */;
			productType = "com.apple.product-type.application";
		};
/* End PBXNativeTarget section */

/* Begin PBXProject section */
		4DF024F21F658A760065618C /* Project object */ = {
			isa = PBXProject;
			attributes = {
				LastSwiftUpdateCheck = 0830;
				LastUpgradeCheck = 0830;
				ORGANIZATIONNAME = "Mingyan Wei";
				TargetAttributes = {
					4DF024F91F658A760065618C = {
						CreatedOnToolsVersion = 8.3.3;
						DevelopmentTeam = N84NA7J522;
						ProvisioningStyle = Automatic;
					};
				};
			};
			buildConfigurationList = 4DF024F51F658A760065618C /* Build configuration list for PBXProject "HealthTracker" */;
			compatibilityVersion = "Xcode 3.2";
			developmentRegion = English;
			hasScannedForEncodings = 0;
			knownRegions = (
				en,
				Base,
			);
			mainGroup = 4DF024F11F658A760065618C;
			productRefGroup = 4DF024FB1F658A760065618C /* Products */;
			projectDirPath = "";
			projectRoot = "";
			targets = (
				4DF024F91F658A760065618C /* HealthTracker */,
			);
		};
/* End PBXProject section */

/* Begin PBXResourcesBuildPhase section */
		4DF024F81F658A760065618C /* Resources */ = {
			isa = PBXResourcesBuildPhase;
			buildActionMask = 2147483647;
			files = (
				4DF025081F658A760065618C /* LaunchScreen.storyboard in Resources */,
				4D2F4A481F6D03A100EA6223 /* Assets.xcassets in Resources */,
				4DF025031F658A760065618C /* Main.storyboard in Resources */,
			);
			runOnlyForDeploymentPostprocessing = 0;
		};
/* End PBXResourcesBuildPhase section */

/* Begin PBXSourcesBuildPhase section */
		4DF024F61F658A760065618C /* Sources */ = {
			isa = PBXSourcesBuildPhase;
			buildActionMask = 2147483647;
			files = (
				4DF025001F658A760065618C /* ViewController.swift in Sources */,
				4DF024FE1F658A760065618C /* AppDelegate.swift in Sources */,
			);
			runOnlyForDeploymentPostprocessing = 0;
		};
/* End PBXSourcesBuildPhase section */

/* Begin PBXVariantGroup section */
		4DF025011F658A760065618C /* Main.storyboard */ = {
			isa = PBXVariantGroup;
			children = (
				4DF025021F658A760065618C /* Base */,
			);
			name = Main.storyboard;
			sourceTree = "<group>";
		};
		4DF025061F658A760065618C /* LaunchScreen.storyboard */ = {
			isa = PBXVariantGroup;
			children = (
				4DF025071F658A760065618C /* Base */,
			);
			name = LaunchScreen.storyboard;
			sourceTree = "<group>";
		};
/* End PBXVariantGroup section */

/* Begin XCBuildConfiguration section */
		4DF0250A1F658A760065618C /* Debug */ = {
			isa = XCBuildConfiguration;
			buildSettings = {
				ALWAYS_SEARCH_USER_PATHS = NO;
				CLANG_ANALYZER_NONNULL = YES;
				CLANG_ANALYZER_NUMBER_OBJECT_CONVERSION = YES_AGGRESSIVE;
				CLANG_CXX_LANGUAGE_STANDARD = "gnu++0x";
				CLANG_CXX_LIBRARY = "libc++";
				CLANG_ENABLE_MODULES = YES;
				CLANG_ENABLE_OBJC_ARC = YES;
				CLANG_WARN_BOOL_CONVERSION = YES;
				CLANG_WARN_CONSTANT_CONVERSION = YES;
				CLANG_WARN_DIRECT_OBJC_ISA_USAGE = YES_ERROR;
				CLANG_WARN_DOCUMENTATION_COMMENTS = YES;
				CLANG_WARN_EMPTY_BODY = YES;
				CLANG_WARN_ENUM_CONVERSION = YES;
				CLANG_WARN_INFINITE_RECURSION = YES;
				CLANG_WARN_INT_CONVERSION = YES;
				CLANG_WARN_OBJC_ROOT_CLASS = YES_ERROR;
				CLANG_WARN_SUSPICIOUS_MOVE = YES;
				CLANG_WARN_UNREACHABLE_CODE = YES;
				CLANG_WARN__DUPLICATE_METHOD_MATCH = YES;
				"CODE_SIGN_IDENTITY[sdk=iphoneos*]" = "iPhone Developer";
				COPY_PHASE_STRIP = NO;
				DEBUG_INFORMATION_FORMAT = dwarf;
				ENABLE_STRICT_OBJC_MSGSEND = YES;
				ENABLE_TESTABILITY = YES;
				GCC_C_LANGUAGE_STANDARD = gnu99;
				GCC_DYNAMIC_NO_PIC = NO;
				GCC_NO_COMMON_BLOCKS = YES;
				GCC_OPTIMIZATION_LEVEL = 0;
				GCC_PREPROCESSOR_DEFINITIONS = (
					"DEBUG=1",
					"$(inherited)",
				);
				GCC_WARN_64_TO_32_BIT_CONVERSION = YES;
				GCC_WARN_ABOUT_RETURN_TYPE = YES_ERROR;
				GCC_WARN_UNDECLARED_SELECTOR = YES;
				GCC_WARN_UNINITIALIZED_AUTOS = YES_AGGRESSIVE;
				GCC_WARN_UNUSED_FUNCTION = YES;
				GCC_WARN_UNUSED_VARIABLE = YES;
				IPHONEOS_DEPLOYMENT_TARGET = 10.3;
				MTL_ENABLE_DEBUG_INFO = YES;
				ONLY_ACTIVE_ARCH = YES;
				SDKROOT = iphoneos;
				SWIFT_ACTIVE_COMPILATION_CONDITIONS = DEBUG;
				SWIFT_OPTIMIZATION_LEVEL = "-Onone";
			};
			name = Debug;
		};
		4DF0250B1F658A760065618C /* Release */ = {
			isa = XCBuildConfiguration;
			buildSettings = {
				ALWAYS_SEARCH_USER_PATHS = NO;
				CLANG_ANALYZER_NONNULL = YES;
				CLANG_ANALYZER_NUMBER_OBJECT_CONVERSION = YES_AGGRESSIVE;
				CLANG_CXX_LANGUAGE_STANDARD = "gnu++0x";
				CLANG_CXX_LIBRARY = "libc++";
				CLANG_ENABLE_MODULES = YES;
				CLANG_ENABLE_OBJC_ARC = YES;
				CLANG_WARN_BOOL_CONVERSION = YES;
				CLANG_WARN_CONSTANT_CONVERSION = YES;
				CLANG_WARN_DIRECT_OBJC_ISA_USAGE = YES_ERROR;
				CLANG_WARN_DOCUMENTATION_COMMENTS = YES;
				CLANG_WARN_EMPTY_BODY = YES;
				CLANG_WARN_ENUM_CONVERSION = YES;
				CLANG_WARN_INFINITE_RECURSION = YES;
				CLANG_WARN_INT_CONVERSION = YES;
				CLANG_WARN_OBJC_ROOT_CLASS = YES_ERROR;
				CLANG_WARN_SUSPICIOUS_MOVE = YES;
				CLANG_WARN_UNREACHABLE_CODE = YES;
				CLANG_WARN__DUPLICATE_METHOD_MATCH = YES;
				"CODE_SIGN_IDENTITY[sdk=iphoneos*]" = "iPhone Developer";
				COPY_PHASE_STRIP = NO;
				DEBUG_INFORMATION_FORMAT = "dwarf-with-dsym";
				ENABLE_NS_ASSERTIONS = NO;
				ENABLE_STRICT_OBJC_MSGSEND = YES;
				GCC_C_LANGUAGE_STANDARD = gnu99;
				GCC_NO_COMMON_BLOCKS = YES;
				GCC_WARN_64_TO_32_BIT_CONVERSION = YES;
				GCC_WARN_ABOUT_RETURN_TYPE = YES_ERROR;
				GCC_WARN_UNDECLARED_SELECTOR = YES;
				GCC_WARN_UNINITIALIZED_AUTOS = YES_AGGRESSIVE;
				GCC_WARN_UNUSED_FUNCTION = YES;
				GCC_WARN_UNUSED_VARIABLE = YES;
				IPHONEOS_DEPLOYMENT_TARGET = 10.3;
				MTL_ENABLE_DEBUG_INFO = NO;
				SDKROOT = iphoneos;
				SWIFT_OPTIMIZATION_LEVEL = "-Owholemodule";
				VALIDATE_PRODUCT = YES;
			};
			name = Release;
		};
		4DF0250D1F658A760065618C /* Debug */ = {
			isa = XCBuildConfiguration;
			buildSettings = {
				ASSETCATALOG_COMPILER_APPICON_NAME = AppIcon;
				DEVELOPMENT_TEAM = N84NA7J522;
				INFOPLIST_FILE = HealthTracker/Info.plist;
				LD_RUNPATH_SEARCH_PATHS = "$(inherited) @executable_path/Frameworks";
				PRODUCT_BUNDLE_IDENTIFIER = au.edu.unimelb.mw.HealthTracker;
				PRODUCT_NAME = "$(TARGET_NAME)";
				SWIFT_VERSION = 3.0;
			};
			name = Debug;
		};
		4DF0250E1F658A760065618C /* Release */ = {
			isa = XCBuildConfiguration;
			buildSettings = {
				ASSETCATALOG_COMPILER_APPICON_NAME = AppIcon;
				DEVELOPMENT_TEAM = N84NA7J522;
				INFOPLIST_FILE = HealthTracker/Info.plist;
				LD_RUNPATH_SEARCH_PATHS = "$(inherited) @executable_path/Frameworks";
				PRODUCT_BUNDLE_IDENTIFIER = au.edu.unimelb.mw.HealthTracker;
				PRODUCT_NAME = "$(TARGET_NAME)";
				SWIFT_VERSION = 3.0;
			};
			name = Release;
		};
/* End XCBuildConfiguration section */

/* Begin XCConfigurationList section */
		4DF024F51F658A760065618C /* Build configuration list for PBXProject "HealthTracker" */ = {
			isa = XCConfigurationList;
			buildConfigurations = (
				4DF0250A1F658A760065618C /* Debug */,
				4DF0250B1F658A760065618C /* Release */,
			);
			defaultConfigurationIsVisible = 0;
			defaultConfigurationName = Release;
		};
		4DF0250C1F658A760065618C /* Build configuration list for PBXNativeTarget "HealthTracker" */ = {
			isa = XCConfigurationList;
			buildConfigurations = (
				4DF0250D1F658A760065618C /* Debug */,
				4DF0250E1F658A760065618C /* Release */,
			);
			defaultConfigurationIsVisible = 0;
			defaultConfigurationName = Release;
		};
/* End XCConfigurationList section */
	};
	rootObject = 4DF024F21F658A760065618C /* Project object */;
}
